
Microsoft Visual Studio Solution File, Format Version 12.00
# Visual Studio Version 17
VisualStudioVersion = 17.4.33103.184
MinimumVisualStudioVersion = 10.0.40219.1
Project("{2150E333-8FDC-42A3-9474-1A3956D46DE8}") = "Application", "Application", "{42E7CD6D-DD45-4B88-9C09-E1E311C37867}"
EndProject
Project("{2150E333-8FDC-42A3-9474-1A3956D46DE8}") = "Framework", "Framework", "{BBF9F9DD-7ADF-4BFA-8A18-78C2CCD0E2BD}"
EndProject
Project("{8BC9CEB8-8B4A-11D0-8D11-00A0C91BC942}") = "Maths", "Framework\Maths\Maths.vcxproj", "{CCBFAA98-27B8-4C51-97A5-3A9349C0C4CB}"
EndProject
Project("{8BC9CEB8-8B4A-11D0-8D11-00A0C91BC942}") = "OpenGL", "Framework\OpenGL\OpenGL.vcxproj", "{0390F878-20BB-430B-9B74-507DC025A0F2}"
EndProject
Project("{8BC9CEB8-8B4A-11D0-8D11-00A0C91BC942}") = "Rendering", "Framework\Rendering\Rendering.vcxproj", "{692E6A12-6109-481E-9844-82AFB7CE3BD2}"
EndProject
Project("{8BC9CEB8-8B4A-11D0-8D11-00A0C91BC942}") = "Utilities", "Framework\Utilities\Utilities.vcxproj", "{54A0EC41-3787-4E9A-B457-FCB8D1C7DF50}"
EndProject
Project("{2150E333-8FDC-42A3-9474-1A3956D46DE8}") = "Solution Items", "Solution Items", "{AEDF76AC-AA41-4481-9F8B-489C6E515B64}"
	ProjectSection(SolutionItems) = preProject
		Run.cmd = Run.cmd
	EndProjectSection
EndProject
Project("{8BC9CEB8-8B4A-11D0-8D11-00A0C91BC942}") = "Main", "Application\Main\Main.vcxproj", "{DE3A279E-DC1F-4F3B-92A8-BA0B32B5CB16}"
EndProject
Global
	GlobalSection(SolutionConfigurationPlatforms) = preSolution
		Debug|Win32 = Debug|Win32
		Release|Win32 = Release|Win32
	EndGlobalSection
	GlobalSection(ProjectConfigurationPlatforms) = postSolution
		{CCBFAA98-27B8-4C51-97A5-3A9349C0C4CB}.Debug|Win32.ActiveCfg = Debug|Win32
		{CCBFAA98-27B8-4C51-97A5-3A9349C0C4CB}.Debug|Win32.Build.0 = Debug|Win32
		{CCBFAA98-27B8-4C51-97A5-3A9349C0C4CB}.Release|Win32.ActiveCfg = Release|Win32
		{CCBFAA98-27B8-4C51-97A5-3A9349C0C4CB}.Release|Win32.Build.0 = Release|Win32
		{0390F878-20BB-430B-9B74-507DC025A0F2}.Debug|Win32.ActiveCfg = Debug|Win32
		{0390F878-20BB-430B-9B74-507DC025A0F2}.Debug|Win32.Build.0 = Debug|Win32
		{0390F878-20BB-430B-9B74-507DC025A0F2}.Release|Win32.ActiveCfg = Release|Win32
		{0390F878-20BB-430B-9B74-507DC025A0F2}.Release|Win32.Build.0 = Release|Win32
		{692E6A12-6109-481E-9844-82AFB7CE3BD2}.Debug|Win32.ActiveCfg = Debug|Win32
		{692E6A12-6109-481E-9844-82AFB7CE3BD2}.Debug|Win32.Build.0 = Debug|Win32
		{692E6A12-6109-481E-9844-82AFB7CE3BD2}.Release|Win32.ActiveCfg = Release|Win32
		{692E6A12-6109-481E-9844-82AFB7CE3BD2}.Release|Win32.Build.0 = Release|Win32
		{54A0EC41-3787-4E9A-B457-FCB8D1C7DF50}.Debug|Win32.ActiveCfg = Debug|Win32
		{54A0EC41-3787-4E9A-B457-FCB8D1C7DF50}.Debug|Win32.Build.0 = Debug|Win32
		{54A0EC41-3787-4E9A-B457-FCB8D1C7DF50}.Release|Win32.ActiveCfg = Release|Win32
		{54A0EC41-3787-4E9A-B457-FCB8D1C7DF50}.Release|Win32.Build.0 = Release|Win32
		{DE3A279E-DC1F-4F3B-92A8-BA0B32B5CB16}.Debug|Win32.ActiveCfg = Debug|Win32
		{DE3A279E-DC1F-4F3B-92A8-BA0B32B5CB16}.Debug|Win32.Build.0 = Debug|Win32
		{DE3A279E-DC1F-4F3B-92A8-BA0B32B5CB16}.Release|Win32.ActiveCfg = Release|Win32
		{DE3A279E-DC1F-4F3B-92A8-BA0B32B5CB16}.Release|Win32.Build.0 = Release|Win32
	EndGlobalSection
	GlobalSection(SolutionProperties) = preSolution
		HideSolutionNode = FALSE
	EndGlobalSection
	GlobalSection(NestedProjects) = preSolution
		{CCBFAA98-27B8-4C51-97A5-3A9349C0C4CB} = {BBF9F9DD-7ADF-4BFA-8A18-78C2CCD0E2BD}
		{0390F878-20BB-430B-9B74-507DC025A0F2} = {BBF9F9DD-7ADF-4BFA-8A18-78C2CCD0E2BD}
		{692E6A12-6109-481E-9844-82AFB7CE3BD2} = {BBF9F9DD-7ADF-4BFA-8A18-78C2CCD0E2BD}
		{54A0EC41-3787-4E9A-B457-FCB8D1C7DF50} = {BBF9F9DD-7ADF-4BFA-8A18-78C2CCD0E2BD}
		{DE3A279E-DC1F-4F3B-92A8-BA0B32B5CB16} = {42E7CD6D-DD45-4B88-9C09-E1E311C37867}
	EndGlobalSection
	GlobalSection(ExtensibilityGlobals) = postSolution
		SolutionGuid = {98954940-0B71-40BA-A4E0-87A939BB2080}
	EndGlobalSection
EndGlobal
